
Microsoft Visual Studio Solution File, Format Version 12.00
# Visual Studio 15
VisualStudioVersion = 15.0.27130.2010
MinimumVisualStudioVersion = 10.0.40219.1
Project("{FAE04EC0-301F-11D3-BF4B-00C04F79EFBC}") = "NRTyler.CodeLibrary", "NRTyler.CodeLibrary\NRTyler.CodeLibrary.csproj", "{6F76E506-B9AE-4554-A4F6-8A7B7DB2EDF3}"
EndProject
Project("{FAE04EC0-301F-11D3-BF4B-00C04F79EFBC}") = "NRTyler.CodeLibrary.Console", "NRTyler.CodeLibrary.Console\NRTyler.CodeLibrary.Console.csproj", "{A65CB016-A22D-4AD1-B530-019040233B8E}"
EndProject
Project("{FAE04EC0-301F-11D3-BF4B-00C04F79EFBC}") = "NRTyler.CodeLibrary.UnitTests", "NRTyler.CodeLibrary.UnitTests\NRTyler.CodeLibrary.UnitTests.csproj", "{1B5912F6-2527-4935-BDA9-88AD46A29B6F}"
EndProject
Project("{FAE04EC0-301F-11D3-BF4B-00C04F79EFBC}") = "NRTyler.CodeLibrary.WPF", "NRTyler.CodeLibrary.WPF\NRTyler.CodeLibrary.WPF.csproj", "{2E866934-DCC1-45A9-9750-074DCF82C61A}"
EndProject
Global
	GlobalSection(SolutionConfigurationPlatforms) = preSolution
		Debug|Any CPU = Debug|Any CPU
		Release|Any CPU = Release|Any CPU
	EndGlobalSection
	GlobalSection(ProjectConfigurationPlatforms) = postSolution
		{6F76E506-B9AE-4554-A4F6-8A7B7DB2EDF3}.Debug|Any CPU.ActiveCfg = Debug|Any CPU
		{6F76E506-B9AE-4554-A4F6-8A7B7DB2EDF3}.Debug|Any CPU.Build.0 = Debug|Any CPU
		{6F76E506-B9AE-4554-A4F6-8A7B7DB2EDF3}.Release|Any CPU.ActiveCfg = Release|Any CPU
		{6F76E506-B9AE-4554-A4F6-8A7B7DB2EDF3}.Release|Any CPU.Build.0 = Release|Any CPU
		{A65CB016-A22D-4AD1-B530-019040233B8E}.Debug|Any CPU.ActiveCfg = Debug|Any CPU
		{A65CB016-A22D-4AD1-B530-019040233B8E}.Debug|Any CPU.Build.0 = Debug|Any CPU
		{A65CB016-A22D-4AD1-B530-019040233B8E}.Release|Any CPU.ActiveCfg = Release|Any CPU
		{A65CB016-A22D-4AD1-B530-019040233B8E}.Release|Any CPU.Build.0 = Release|Any CPU
		{1B5912F6-2527-4935-BDA9-88AD46A29B6F}.Debug|Any CPU.ActiveCfg = Debug|Any CPU
		{1B5912F6-2527-4935-BDA9-88AD46A29B6F}.Debug|Any CPU.Build.0 = Debug|Any CPU
		{1B5912F6-2527-4935-BDA9-88AD46A29B6F}.Release|Any CPU.ActiveCfg = Release|Any CPU
		{1B5912F6-2527-4935-BDA9-88AD46A29B6F}.Release|Any CPU.Build.0 = Release|Any CPU
		{2E866934-DCC1-45A9-9750-074DCF82C61A}.Debug|Any CPU.ActiveCfg = Debug|Any CPU
		{2E866934-DCC1-45A9-9750-074DCF82C61A}.Debug|Any CPU.Build.0 = Debug|Any CPU
		{2E866934-DCC1-45A9-9750-074DCF82C61A}.Release|Any CPU.ActiveCfg = Release|Any CPU
		{2E866934-DCC1-45A9-9750-074DCF82C61A}.Release|Any CPU.Build.0 = Release|Any CPU
	EndGlobalSection
	GlobalSection(SolutionProperties) = preSolution
		HideSolutionNode = FALSE
	EndGlobalSection
	GlobalSection(ExtensibilityGlobals) = postSolution
		SolutionGuid = {06E2EF9E-5D43-4094-8F54-9CFCDCB18F93}
	EndGlobalSection
EndGlobal
